{
  "version": 4,
  "terraform_version": "1.4.2",
  "serial": 44,
  "lineage": "f0b60022-16cc-68cf-618a-70f407e8d415",
  "outputs": {
    "brand_name": {
      "value": "autograb",
      "type": "string"
    },
    "lb_ip": {
      "value": "34.110.164.212",
      "type": "string"
    },
    "oauth_redirect_url": {
      "value": "https://iap.googleapis.com/v1/oauth/clientIds/1026007293393-9g71fhdufqts798r7olpa1lnm2eqfj47.apps.googleusercontent.com:handleRedirect",
      "type": "string"
    }
  },
  "resources": [
    {
      "module": "module.mlflow",
      "mode": "managed",
      "type": "random_id",
      "name": "artifacts_bucket_name_suffix",
      "provider": "provider[\"registry.terraform.io/hashicorp/random\"]",
      "instances": [
        {
          "schema_version": 0,
          "attributes": {
            "b64_std": "/PcVUQ0=",
            "b64_url": "_PcVUQ0",
            "byte_length": 5,
            "dec": "1086477127949",
            "hex": "fcf715510d",
            "id": "_PcVUQ0",
            "keepers": null,
            "prefix": null
          },
          "sensitive_attributes": []
        }
      ]
    },
    {
      "module": "module.mlflow.module.mlflow.module.artifacts",
      "mode": "managed",
      "type": "google_storage_bucket",
      "name": "mlflow_artifacts_bucket",
      "provider": "module.mlflow.provider[\"registry.terraform.io/hashicorp/google\"]",
      "instances": [
        {
          "schema_version": 0,
          "attributes": {
            "autoclass": [],
            "cors": [],
            "custom_placement_config": [],
            "default_event_based_hold": false,
            "encryption": [],
            "force_destroy": true,
            "id": "mlflow-artifacts-store-fcf715510d",
            "labels": {},
            "lifecycle_rule": [
              {
                "action": [
                  {
                    "storage_class": "",
                    "type": "Delete"
                  }
                ],
                "condition": [
                  {
                    "age": 1,
                    "created_before": "",
                    "custom_time_before": "",
                    "days_since_custom_time": 0,
                    "days_since_noncurrent_time": 0,
                    "matches_prefix": [],
                    "matches_storage_class": [],
                    "matches_suffix": [],
                    "noncurrent_time_before": "",
                    "num_newer_versions": 0,
                    "with_state": "ANY"
                  }
                ]
              }
            ],
            "location": "AUSTRALIA-SOUTHEAST1",
            "logging": [],
            "name": "mlflow-artifacts-store-fcf715510d",
            "project": "autograb-dev",
            "public_access_prevention": "inherited",
            "requester_pays": false,
            "retention_policy": [],
            "self_link": "https://www.googleapis.com/storage/v1/b/mlflow-artifacts-store-fcf715510d",
            "storage_class": "STANDARD",
            "timeouts": null,
            "uniform_bucket_level_access": true,
            "url": "gs://mlflow-artifacts-store-fcf715510d",
            "versioning": [
              {
                "enabled": true
              }
            ],
            "website": []
          },
          "sensitive_attributes": [],
          "private": "eyJlMmJmYjczMC1lY2FhLTExZTYtOGY4OC0zNDM2M2JjN2M0YzAiOnsiY3JlYXRlIjoyNDAwMDAwMDAwMDAsInJlYWQiOjI0MDAwMDAwMDAwMCwidXBkYXRlIjoyNDAwMDAwMDAwMDB9fQ==",
          "dependencies": [
            "module.mlflow.random_id.artifacts_bucket_name_suffix"
          ]
        }
      ]
    },
    {
      "module": "module.mlflow.module.mlflow.module.cloud_run",
      "mode": "data",
      "type": "google_iam_policy",
      "name": "iap",
      "provider": "module.mlflow.provider[\"registry.terraform.io/hashicorp/google\"]",
      "instances": [
        {
          "schema_version": 0,
          "attributes": {
            "audit_config": null,
            "binding": [
              {
                "condition": [],
                "members": [
                  "serviceAccount:mlflow-logger@autograb-dev.iam.gserviceaccount.com",
                  "serviceAccount:vertexai@autograb-dev.iam.gserviceaccount.com",
                  "user:ghawady@autograb.com.au"
                ],
                "role": "roles/iap.httpsResourceAccessor"
              }
            ],
            "id": "1265846705",
            "policy_data": "{\"bindings\":[{\"members\":[\"serviceAccount:mlflow-logger@autograb-dev.iam.gserviceaccount.com\",\"serviceAccount:vertexai@autograb-dev.iam.gserviceaccount.com\",\"user:ghawady@autograb.com.au\"],\"role\":\"roles/iap.httpsResourceAccessor\"}]}"
          },
          "sensitive_attributes": []
        }
      ]
    },
    {
      "module": "module.mlflow.module.mlflow.module.cloud_run",
      "mode": "data",
      "type": "google_project",
      "name": "project",
      "provider": "module.mlflow.provider[\"registry.terraform.io/hashicorp/google\"]",
      "instances": [
        {
          "schema_version": 0,
          "attributes": {
            "auto_create_network": null,
            "billing_account": "01B5A1-249768-E602A2",
            "folder_id": "",
            "id": "projects/autograb-dev",
            "labels": {},
            "name": "autograb-dev",
            "number": "1026007293393",
            "org_id": "775878064328",
            "project_id": "autograb-dev",
            "skip_delete": null
          },
          "sensitive_attributes": []
        }
      ]
    },
    {
      "module": "module.mlflow.module.mlflow.module.cloud_run",
      "mode": "data",
      "type": "google_vpc_access_connector",
      "name": "connector",
      "provider": "module.mlflow.provider[\"registry.terraform.io/hashicorp/google\"]",
      "instances": [
        {
          "schema_version": 0,
          "attributes": {
            "id": "projects/autograb-dev/locations/australia-southeast1/connectors/aus-southeast-dev-tunnel",
            "ip_cidr_range": "10.8.0.0/28",
            "machine_type": "e2-micro",
            "max_instances": 10,
            "max_throughput": 1000,
            "min_instances": 2,
            "min_throughput": 200,
            "name": "aus-southeast-dev-tunnel",
            "network": "default",
            "project": "autograb-dev",
            "region": "australia-southeast1",
            "self_link": "projects/autograb-dev/locations/australia-southeast1/connectors/aus-southeast-dev-tunnel",
            "state": "READY",
            "subnet": []
          },
          "sensitive_attributes": []
        }
      ]
    },
    {
      "module": "module.mlflow.module.mlflow.module.cloud_run",
      "mode": "managed",
      "type": "google_cloud_run_service",
      "name": "mlflow_service",
      "provider": "module.mlflow.provider[\"registry.terraform.io/hashicorp/google\"]",
      "instances": [
        {
          "schema_version": 1,
          "attributes": {
            "autogenerate_revision_name": false,
            "id": "locations/australia-southeast1/namespaces/autograb-dev/services/mlflow-service",
            "location": "australia-southeast1",
            "metadata": [
              {
                "annotations": {
                  "run.googleapis.com/ingress": "all",
                  "run.googleapis.com/ingress-status": "all",
                  "run.googleapis.com/operation-id": "4a2a29f5-dac9-4f71-b3e1-14e3c97dbf53",
                  "serving.knative.dev/creator": "ghawady@autograb.com.au",
                  "serving.knative.dev/lastModifier": "ghawady@autograb.com.au"
                },
                "generation": 3,
                "labels": {
                  "cloud.googleapis.com/location": "australia-southeast1",
                  "run.googleapis.com/satisfiesPzs": "true"
                },
                "namespace": "autograb-dev",
                "resource_version": "AAX4o/Z6feo",
                "self_link": "/apis/serving.knative.dev/v1/namespaces/1026007293393/services/mlflow-service",
                "uid": "da707503-eb79-4263-87d9-486bf1d8c3de"
              }
            ],
            "name": "mlflow-service",
            "project": "autograb-dev",
            "status": [
              {
                "conditions": [
                  {
                    "message": "",
                    "reason": "",
                    "status": "True",
                    "type": "Ready"
                  },
                  {
                    "message": "",
                    "reason": "",
                    "status": "True",
                    "type": "ConfigurationsReady"
                  },
                  {
                    "message": "",
                    "reason": "",
                    "status": "True",
                    "type": "RoutesReady"
                  }
                ],
                "latest_created_revision_name": "mlflow-service-v4cdw",
                "latest_ready_revision_name": "mlflow-service-v4cdw",
                "observed_generation": 3,
                "url": "https://mlflow-service-zvyhcjssia-ts.a.run.app"
              }
            ],
            "template": [
              {
                "metadata": [
                  {
                    "annotations": {
                      "autoscaling.knative.dev/maxScale": "3",
                      "autoscaling.knative.dev/minScale": "1",
                      "run.googleapis.com/cloudsql-instances": "autograb-dev:australia-southeast2:ml-db",
                      "run.googleapis.com/vpc-access-connector": "aus-southeast-dev-tunnel",
                      "run.googleapis.com/vpc-access-egress": "private-ranges-only"
                    },
                    "generation": 0,
                    "labels": {},
                    "name": "",
                    "namespace": "",
                    "resource_version": "",
                    "self_link": "",
                    "uid": ""
                  }
                ],
                "spec": [
                  {
                    "container_concurrency": 80,
                    "containers": [
                      {
                        "args": [],
                        "command": [],
                        "env": [
                          {
                            "name": "DB_NAME",
                            "value": "mlflow-db",
                            "value_from": []
                          },
                          {
                            "name": "DB_PASSWORD",
                            "value": "e1qmZEF1sOOM0Sp8",
                            "value_from": []
                          },
                          {
                            "name": "DB_PRIVATE_IP",
                            "value": "10.30.242.3",
                            "value_from": []
                          },
                          {
                            "name": "DB_USERNAME",
                            "value": "mlflowuser",
                            "value_from": []
                          },
                          {
                            "name": "GCP_BUCKET",
                            "value": "gs://mlflow-artifacts-store-fcf715510d",
                            "value_from": []
                          }
                        ],
                        "env_from": [],
                        "image": "gcr.io/autograb-dev/mlflow:latest",
                        "ports": [
                          {
                            "container_port": 8080,
                            "name": "http1",
                            "protocol": ""
                          }
                        ],
                        "resources": [
                          {
                            "limits": {
                              "cpu": "1000m",
                              "memory": "1Gi"
                            },
                            "requests": {}
                          }
                        ],
                        "volume_mounts": [],
                        "working_dir": ""
                      }
                    ],
                    "service_account_name": "1026007293393-compute@developer.gserviceaccount.com",
                    "serving_state": "",
                    "timeout_seconds": 300,
                    "volumes": []
                  }
                ]
              }
            ],
            "timeouts": null,
            "traffic": [
              {
                "latest_revision": true,
                "percent": 100,
                "revision_name": "",
                "tag": "",
                "url": ""
              }
            ]
          },
          "sensitive_attributes": [
            [
              {
                "type": "get_attr",
                "value": "template"
              },
              {
                "type": "index",
                "value": {
                  "value": 0,
                  "type": "number"
                }
              },
              {
                "type": "get_attr",
                "value": "spec"
              },
              {
                "type": "index",
                "value": {
                  "value": 0,
                  "type": "number"
                }
              },
              {
                "type": "get_attr",
                "value": "containers"
              },
              {
                "type": "index",
                "value": {
                  "value": 0,
                  "type": "number"
                }
              },
              {
                "type": "get_attr",
                "value": "env"
              }
            ]
          ],
          "private": "eyJlMmJmYjczMC1lY2FhLTExZTYtOGY4OC0zNDM2M2JjN2M0YzAiOnsiY3JlYXRlIjoxMjAwMDAwMDAwMDAwLCJkZWxldGUiOjEyMDAwMDAwMDAwMDAsInVwZGF0ZSI6MTIwMDAwMDAwMDAwMH0sInNjaGVtYV92ZXJzaW9uIjoiMSJ9",
          "dependencies": [
            "module.mlflow.module.mlflow.module.artifacts.google_storage_bucket.mlflow_artifacts_bucket",
            "module.mlflow.module.mlflow.module.cloud_run.data.google_vpc_access_connector.connector",
            "module.mlflow.module.mlflow.module.cloud_run.google_project_iam_member.cloud_sql",
            "module.mlflow.module.mlflow.module.cloud_run.google_project_iam_member.gcs",
            "module.mlflow.module.mlflow.module.cloud_run.google_project_iam_member.secret",
            "module.mlflow.module.mlflow.module.database.data.google_sql_database_instance.mlflow_db_instance",
            "module.mlflow.module.mlflow.module.db_secret.google_secret_manager_secret.secret",
            "module.mlflow.module.mlflow.module.db_secret.google_secret_manager_secret_version.secret-version",
            "module.mlflow.module.mlflow.module.db_secret.random_password.password"
          ]
        }
      ]
    },
    {
      "module": "module.mlflow.module.mlflow.module.cloud_run",
      "mode": "managed",
      "type": "google_compute_region_network_endpoint_group",
      "name": "serverless_neg",
      "provider": "module.mlflow.provider[\"registry.terraform.io/hashicorp/google\"]",
      "instances": [
        {
          "schema_version": 0,
          "attributes": {
            "app_engine": [],
            "cloud_function": [],
            "cloud_run": [
              {
                "service": "mlflow-service",
                "tag": "",
                "url_mask": ""
              }
            ],
            "description": "",
            "id": "projects/autograb-dev/regions/australia-southeast1/networkEndpointGroups/mlflow-serverless-neg",
            "name": "mlflow-serverless-neg",
            "network": "",
            "network_endpoint_type": "SERVERLESS",
            "project": "autograb-dev",
            "psc_target_service": "",
            "region": "https://www.googleapis.com/compute/v1/projects/autograb-dev/regions/australia-southeast1",
            "self_link": "https://www.googleapis.com/compute/v1/projects/autograb-dev/regions/australia-southeast1/networkEndpointGroups/mlflow-serverless-neg",
            "subnetwork": "",
            "timeouts": null
          },
          "sensitive_attributes": [],
          "private": "eyJlMmJmYjczMC1lY2FhLTExZTYtOGY4OC0zNDM2M2JjN2M0YzAiOnsiY3JlYXRlIjoxMjAwMDAwMDAwMDAwLCJkZWxldGUiOjEyMDAwMDAwMDAwMDB9fQ==",
          "dependencies": [
            "module.mlflow.module.mlflow.module.artifacts.google_storage_bucket.mlflow_artifacts_bucket",
            "module.mlflow.module.mlflow.module.cloud_run.data.google_project.project",
            "module.mlflow.module.mlflow.module.cloud_run.data.google_vpc_access_connector.connector",
            "module.mlflow.module.mlflow.module.cloud_run.google_cloud_run_service.mlflow_service",
            "module.mlflow.module.mlflow.module.cloud_run.google_project_iam_member.cloud_sql",
            "module.mlflow.module.mlflow.module.cloud_run.google_project_iam_member.gcs",
            "module.mlflow.module.mlflow.module.cloud_run.google_project_iam_member.secret",
            "module.mlflow.module.mlflow.module.database.data.google_sql_database_instance.mlflow_db_instance",
            "module.mlflow.module.mlflow.module.db_secret.google_secret_manager_secret.secret",
            "module.mlflow.module.mlflow.module.db_secret.google_secret_manager_secret_version.secret-version",
            "module.mlflow.module.mlflow.module.db_secret.random_password.password",
            "module.mlflow.random_id.artifacts_bucket_name_suffix"
          ]
        }
      ]
    },
    {
      "module": "module.mlflow.module.mlflow.module.cloud_run",
      "mode": "managed",
      "type": "google_iap_web_backend_service_iam_policy",
      "name": "policy",
      "provider": "module.mlflow.provider[\"registry.terraform.io/hashicorp/google\"]",
      "instances": [
        {
          "schema_version": 0,
          "attributes": {
            "etag": "BwX4osVeiUE=",
            "id": "projects/autograb-dev/iap_web/compute/services/mlflow-lb-backend-default",
            "policy_data": "{\"bindings\":[{\"members\":[\"serviceAccount:mlflow-logger@autograb-dev.iam.gserviceaccount.com\",\"serviceAccount:vertexai@autograb-dev.iam.gserviceaccount.com\",\"user:ghawady@autograb.com.au\"],\"role\":\"roles/iap.httpsResourceAccessor\"}]}",
            "project": "autograb-dev",
            "web_backend_service": "projects/autograb-dev/iap_web/compute/services/mlflow-lb-backend-default"
          },
          "sensitive_attributes": [],
          "private": "bnVsbA==",
          "dependencies": [
            "module.mlflow.module.mlflow.module.artifacts.google_storage_bucket.mlflow_artifacts_bucket",
            "module.mlflow.module.mlflow.module.cloud_run.data.google_iam_policy.iap",
            "module.mlflow.module.mlflow.module.cloud_run.data.google_project.project",
            "module.mlflow.module.mlflow.module.cloud_run.data.google_vpc_access_connector.connector",
            "module.mlflow.module.mlflow.module.cloud_run.google_cloud_run_service.mlflow_service",
            "module.mlflow.module.mlflow.module.cloud_run.google_compute_region_network_endpoint_group.serverless_neg",
            "module.mlflow.module.mlflow.module.cloud_run.google_project_iam_member.cloud_sql",
            "module.mlflow.module.mlflow.module.cloud_run.google_project_iam_member.gcs",
            "module.mlflow.module.mlflow.module.cloud_run.google_project_iam_member.secret",
            "module.mlflow.module.mlflow.module.cloud_run.module.lb-http.google_compute_backend_service.default",
            "module.mlflow.module.mlflow.module.cloud_run.module.lb-http.google_compute_global_address.default",
            "module.mlflow.module.mlflow.module.cloud_run.module.lb-http.google_compute_global_address.default_ipv6",
            "module.mlflow.module.mlflow.module.cloud_run.module.lb-http.google_compute_global_forwarding_rule.http",
            "module.mlflow.module.mlflow.module.cloud_run.module.lb-http.google_compute_global_forwarding_rule.http_ipv6",
            "module.mlflow.module.mlflow.module.cloud_run.module.lb-http.google_compute_global_forwarding_rule.https",
            "module.mlflow.module.mlflow.module.cloud_run.module.lb-http.google_compute_global_forwarding_rule.https_ipv6",
            "module.mlflow.module.mlflow.module.cloud_run.module.lb-http.google_compute_managed_ssl_certificate.default",
            "module.mlflow.module.mlflow.module.cloud_run.module.lb-http.google_compute_ssl_certificate.default",
            "module.mlflow.module.mlflow.module.cloud_run.module.lb-http.google_compute_target_http_proxy.default",
            "module.mlflow.module.mlflow.module.cloud_run.module.lb-http.google_compute_target_https_proxy.default",
            "module.mlflow.module.mlflow.module.cloud_run.module.lb-http.google_compute_url_map.default",
            "module.mlflow.module.mlflow.module.cloud_run.module.lb-http.google_compute_url_map.https_redirect",
            "module.mlflow.module.mlflow.module.cloud_run.module.lb-http.random_id.certificate",
            "module.mlflow.module.mlflow.module.database.data.google_sql_database_instance.mlflow_db_instance",
            "module.mlflow.module.mlflow.module.db_secret.google_secret_manager_secret.secret",
            "module.mlflow.module.mlflow.module.db_secret.google_secret_manager_secret_version.secret-version",
            "module.mlflow.module.mlflow.module.db_secret.random_password.password",
            "module.mlflow.module.mlflow.module.logger.google_service_account.logger",
            "module.mlflow.random_id.artifacts_bucket_name_suffix"
          ]
        }
      ]
    },
    {
      "module": "module.mlflow.module.mlflow.module.cloud_run",
      "mode": "managed",
      "type": "google_project_iam_member",
      "name": "cloud_sql",
      "provider": "module.mlflow.provider[\"registry.terraform.io/hashicorp/google\"]",
      "instances": [
        {
          "schema_version": 0,
          "attributes": {
            "condition": [],
            "etag": "BwX4og17AOA=",
            "id": "autograb-dev/roles/cloudsql.client/serviceAccount:autograb-dev@appspot.gserviceaccount.com",
            "member": "serviceAccount:autograb-dev@appspot.gserviceaccount.com",
            "project": "autograb-dev",
            "role": "roles/cloudsql.client"
          },
          "sensitive_attributes": [],
          "private": "bnVsbA==",
          "dependencies": [
            "module.mlflow.module.mlflow.module.cloud_run.data.google_project.project"
          ]
        }
      ]
    },
    {
      "module": "module.mlflow.module.mlflow.module.cloud_run",
      "mode": "managed",
      "type": "google_project_iam_member",
      "name": "gcs",
      "provider": "module.mlflow.provider[\"registry.terraform.io/hashicorp/google\"]",
      "instances": [
        {
          "schema_version": 0,
          "attributes": {
            "condition": [],
            "etag": "BwX4og17AOA=",
            "id": "autograb-dev/roles/storage.admin/serviceAccount:autograb-dev@appspot.gserviceaccount.com",
            "member": "serviceAccount:autograb-dev@appspot.gserviceaccount.com",
            "project": "autograb-dev",
            "role": "roles/storage.admin"
          },
          "sensitive_attributes": [],
          "private": "bnVsbA==",
          "dependencies": [
            "module.mlflow.module.mlflow.module.cloud_run.data.google_project.project"
          ]
        }
      ]
    },
    {
      "module": "module.mlflow.module.mlflow.module.cloud_run",
      "mode": "managed",
      "type": "google_project_iam_member",
      "name": "secret",
      "provider": "module.mlflow.provider[\"registry.terraform.io/hashicorp/google\"]",
      "instances": [
        {
          "schema_version": 0,
          "attributes": {
            "condition": [],
            "etag": "BwX4og17AOA=",
            "id": "autograb-dev/roles/secretmanager.secretAccessor/serviceAccount:autograb-dev@appspot.gserviceaccount.com",
            "member": "serviceAccount:autograb-dev@appspot.gserviceaccount.com",
            "project": "autograb-dev",
            "role": "roles/secretmanager.secretAccessor"
          },
          "sensitive_attributes": [],
          "private": "bnVsbA==",
          "dependencies": [
            "module.mlflow.module.mlflow.module.cloud_run.data.google_project.project"
          ]
        }
      ]
    },
    {
      "module": "module.mlflow.module.mlflow.module.cloud_run.module.lb-http",
      "mode": "managed",
      "type": "google_compute_backend_service",
      "name": "default",
      "provider": "module.mlflow.provider[\"registry.terraform.io/hashicorp/google-beta\"]",
      "instances": [
        {
          "index_key": "default",
          "schema_version": 1,
          "attributes": {
            "affinity_cookie_ttl_sec": 0,
            "backend": [
              {
                "balancing_mode": "UTILIZATION",
                "capacity_scaler": 1,
                "description": "",
                "group": "https://www.googleapis.com/compute/v1/projects/autograb-dev/regions/australia-southeast1/networkEndpointGroups/mlflow-serverless-neg",
                "max_connections": 0,
                "max_connections_per_endpoint": 0,
                "max_connections_per_instance": 0,
                "max_rate": 0,
                "max_rate_per_endpoint": 0,
                "max_rate_per_instance": 0,
                "max_utilization": 0
              }
            ],
            "cdn_policy": [],
            "circuit_breakers": [],
            "compression_mode": "",
            "connection_draining_timeout_sec": 300,
            "consistent_hash": [],
            "creation_timestamp": "2023-04-05T20:46:30.452-07:00",
            "custom_request_headers": [],
            "custom_response_headers": [],
            "description": "mlflow-serverless-neg",
            "edge_security_policy": "",
            "enable_cdn": false,
            "fingerprint": "5I_tlpIWNnc=",
            "generated_id": 3044473891427974777,
            "health_checks": [],
            "iap": [
              {
                "oauth2_client_id": "1026007293393-9g71fhdufqts798r7olpa1lnm2eqfj47.apps.googleusercontent.com",
                "oauth2_client_secret": "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",
                "oauth2_client_secret_sha256": "aa3475eabe314543830127739535371d90d44bf2fd00ee91758bda0d9f3bad2d"
              }
            ],
            "id": "projects/autograb-dev/global/backendServices/mlflow-lb-backend-default",
            "load_balancing_scheme": "EXTERNAL",
            "locality_lb_policies": [],
            "locality_lb_policy": "",
            "log_config": [
              {
                "enable": true,
                "sample_rate": 1
              }
            ],
            "name": "mlflow-lb-backend-default",
            "outlier_detection": [],
            "port_name": "http",
            "project": "autograb-dev",
            "protocol": "HTTP",
            "security_policy": "",
            "security_settings": [],
            "self_link": "https://www.googleapis.com/compute/v1/projects/autograb-dev/global/backendServices/mlflow-lb-backend-default",
            "session_affinity": "NONE",
            "timeout_sec": 30,
            "timeouts": null
          },
          "sensitive_attributes": [],
          "private": "eyJlMmJmYjczMC1lY2FhLTExZTYtOGY4OC0zNDM2M2JjN2M0YzAiOnsiY3JlYXRlIjoxMjAwMDAwMDAwMDAwLCJkZWxldGUiOjEyMDAwMDAwMDAwMDAsInVwZGF0ZSI6MTIwMDAwMDAwMDAwMH0sInNjaGVtYV92ZXJzaW9uIjoiMSJ9",
          "dependencies": [
            "module.mlflow.module.mlflow.module.artifacts.google_storage_bucket.mlflow_artifacts_bucket",
            "module.mlflow.module.mlflow.module.cloud_run.data.google_project.project",
            "module.mlflow.module.mlflow.module.cloud_run.data.google_vpc_access_connector.connector",
            "module.mlflow.module.mlflow.module.cloud_run.google_cloud_run_service.mlflow_service",
            "module.mlflow.module.mlflow.module.cloud_run.google_compute_region_network_endpoint_group.serverless_neg",
            "module.mlflow.module.mlflow.module.cloud_run.google_project_iam_member.cloud_sql",
            "module.mlflow.module.mlflow.module.cloud_run.google_project_iam_member.gcs",
            "module.mlflow.module.mlflow.module.cloud_run.google_project_iam_member.secret",
            "module.mlflow.module.mlflow.module.database.data.google_sql_database_instance.mlflow_db_instance",
            "module.mlflow.module.mlflow.module.db_secret.google_secret_manager_secret.secret",
            "module.mlflow.module.mlflow.module.db_secret.google_secret_manager_secret_version.secret-version",
            "module.mlflow.module.mlflow.module.db_secret.random_password.password",
            "module.mlflow.random_id.artifacts_bucket_name_suffix"
          ]
        }
      ]
    },
    {
      "module": "module.mlflow.module.mlflow.module.cloud_run.module.lb-http",
      "mode": "managed",
      "type": "google_compute_global_address",
      "name": "default",
      "provider": "module.mlflow.provider[\"registry.terraform.io/hashicorp/google\"]",
      "instances": [
        {
          "index_key": 0,
          "schema_version": 0,
          "attributes": {
            "address": "34.110.164.212",
            "address_type": "EXTERNAL",
            "creation_timestamp": "2023-04-05T19:56:14.329-07:00",
            "description": "",
            "id": "projects/autograb-dev/global/addresses/mlflow-lb-address",
            "ip_version": "",
            "name": "mlflow-lb-address",
            "network": "",
            "prefix_length": 0,
            "project": "autograb-dev",
            "purpose": "",
            "self_link": "https://www.googleapis.com/compute/v1/projects/autograb-dev/global/addresses/mlflow-lb-address",
            "timeouts": null
          },
          "sensitive_attributes": [],
          "private": "eyJlMmJmYjczMC1lY2FhLTExZTYtOGY4OC0zNDM2M2JjN2M0YzAiOnsiY3JlYXRlIjoxMjAwMDAwMDAwMDAwLCJkZWxldGUiOjEyMDAwMDAwMDAwMDB9fQ=="
        }
      ]
    },
    {
      "module": "module.mlflow.module.mlflow.module.cloud_run.module.lb-http",
      "mode": "managed",
      "type": "google_compute_global_forwarding_rule",
      "name": "http",
      "provider": "module.mlflow.provider[\"registry.terraform.io/hashicorp/google\"]",
      "instances": [
        {
          "index_key": 0,
          "schema_version": 0,
          "attributes": {
            "description": "",
            "id": "projects/autograb-dev/global/forwardingRules/mlflow-lb",
            "ip_address": "34.110.164.212",
            "ip_protocol": "TCP",
            "ip_version": "",
            "label_fingerprint": "42WmSpB8rSM=",
            "labels": {},
            "load_balancing_scheme": "EXTERNAL",
            "metadata_filters": [],
            "name": "mlflow-lb",
            "network": "",
            "port_range": "80",
            "project": "autograb-dev",
            "psc_connection_id": "",
            "psc_connection_status": "",
            "self_link": "https://www.googleapis.com/compute/v1/projects/autograb-dev/global/forwardingRules/mlflow-lb",
            "target": "https://www.googleapis.com/compute/v1/projects/autograb-dev/global/targetHttpProxies/mlflow-lb-http-proxy",
            "timeouts": null
          },
          "sensitive_attributes": [],
          "private": "eyJlMmJmYjczMC1lY2FhLTExZTYtOGY4OC0zNDM2M2JjN2M0YzAiOnsiY3JlYXRlIjoxMjAwMDAwMDAwMDAwLCJkZWxldGUiOjEyMDAwMDAwMDAwMDAsInVwZGF0ZSI6MTIwMDAwMDAwMDAwMH19",
          "dependencies": [
            "module.mlflow.module.mlflow.module.artifacts.google_storage_bucket.mlflow_artifacts_bucket",
            "module.mlflow.module.mlflow.module.cloud_run.data.google_project.project",
            "module.mlflow.module.mlflow.module.cloud_run.data.google_vpc_access_connector.connector",
            "module.mlflow.module.mlflow.module.cloud_run.google_cloud_run_service.mlflow_service",
            "module.mlflow.module.mlflow.module.cloud_run.google_compute_region_network_endpoint_group.serverless_neg",
            "module.mlflow.module.mlflow.module.cloud_run.google_project_iam_member.cloud_sql",
            "module.mlflow.module.mlflow.module.cloud_run.google_project_iam_member.gcs",
            "module.mlflow.module.mlflow.module.cloud_run.google_project_iam_member.secret",
            "module.mlflow.module.mlflow.module.cloud_run.module.lb-http.google_compute_backend_service.default",
            "module.mlflow.module.mlflow.module.cloud_run.module.lb-http.google_compute_global_address.default",
            "module.mlflow.module.mlflow.module.cloud_run.module.lb-http.google_compute_target_http_proxy.default",
            "module.mlflow.module.mlflow.module.cloud_run.module.lb-http.google_compute_url_map.default",
            "module.mlflow.module.mlflow.module.cloud_run.module.lb-http.google_compute_url_map.https_redirect",
            "module.mlflow.module.mlflow.module.database.data.google_sql_database_instance.mlflow_db_instance",
            "module.mlflow.module.mlflow.module.db_secret.google_secret_manager_secret.secret",
            "module.mlflow.module.mlflow.module.db_secret.google_secret_manager_secret_version.secret-version",
            "module.mlflow.module.mlflow.module.db_secret.random_password.password",
            "module.mlflow.random_id.artifacts_bucket_name_suffix"
          ]
        }
      ]
    },
    {
      "module": "module.mlflow.module.mlflow.module.cloud_run.module.lb-http",
      "mode": "managed",
      "type": "google_compute_global_forwarding_rule",
      "name": "https",
      "provider": "module.mlflow.provider[\"registry.terraform.io/hashicorp/google\"]",
      "instances": [
        {
          "index_key": 0,
          "schema_version": 0,
          "attributes": {
            "description": "",
            "id": "projects/autograb-dev/global/forwardingRules/mlflow-lb-https",
            "ip_address": "34.110.164.212",
            "ip_protocol": "TCP",
            "ip_version": "",
            "label_fingerprint": "42WmSpB8rSM=",
            "labels": {},
            "load_balancing_scheme": "EXTERNAL",
            "metadata_filters": [],
            "name": "mlflow-lb-https",
            "network": "",
            "port_range": "443",
            "project": "autograb-dev",
            "psc_connection_id": "",
            "psc_connection_status": "",
            "self_link": "https://www.googleapis.com/compute/v1/projects/autograb-dev/global/forwardingRules/mlflow-lb-https",
            "target": "https://www.googleapis.com/compute/v1/projects/autograb-dev/global/targetHttpsProxies/mlflow-lb-https-proxy",
            "timeouts": null
          },
          "sensitive_attributes": [],
          "private": "eyJlMmJmYjczMC1lY2FhLTExZTYtOGY4OC0zNDM2M2JjN2M0YzAiOnsiY3JlYXRlIjoxMjAwMDAwMDAwMDAwLCJkZWxldGUiOjEyMDAwMDAwMDAwMDAsInVwZGF0ZSI6MTIwMDAwMDAwMDAwMH19",
          "dependencies": [
            "module.mlflow.module.mlflow.module.artifacts.google_storage_bucket.mlflow_artifacts_bucket",
            "module.mlflow.module.mlflow.module.cloud_run.data.google_project.project",
            "module.mlflow.module.mlflow.module.cloud_run.data.google_vpc_access_connector.connector",
            "module.mlflow.module.mlflow.module.cloud_run.google_cloud_run_service.mlflow_service",
            "module.mlflow.module.mlflow.module.cloud_run.google_compute_region_network_endpoint_group.serverless_neg",
            "module.mlflow.module.mlflow.module.cloud_run.google_project_iam_member.cloud_sql",
            "module.mlflow.module.mlflow.module.cloud_run.google_project_iam_member.gcs",
            "module.mlflow.module.mlflow.module.cloud_run.google_project_iam_member.secret",
            "module.mlflow.module.mlflow.module.cloud_run.module.lb-http.google_compute_backend_service.default",
            "module.mlflow.module.mlflow.module.cloud_run.module.lb-http.google_compute_global_address.default",
            "module.mlflow.module.mlflow.module.cloud_run.module.lb-http.google_compute_managed_ssl_certificate.default",
            "module.mlflow.module.mlflow.module.cloud_run.module.lb-http.google_compute_ssl_certificate.default",
            "module.mlflow.module.mlflow.module.cloud_run.module.lb-http.google_compute_target_https_proxy.default",
            "module.mlflow.module.mlflow.module.cloud_run.module.lb-http.google_compute_url_map.default",
            "module.mlflow.module.mlflow.module.cloud_run.module.lb-http.random_id.certificate",
            "module.mlflow.module.mlflow.module.database.data.google_sql_database_instance.mlflow_db_instance",
            "module.mlflow.module.mlflow.module.db_secret.google_secret_manager_secret.secret",
            "module.mlflow.module.mlflow.module.db_secret.google_secret_manager_secret_version.secret-version",
            "module.mlflow.module.mlflow.module.db_secret.random_password.password",
            "module.mlflow.random_id.artifacts_bucket_name_suffix"
          ]
        }
      ]
    },
    {
      "module": "module.mlflow.module.mlflow.module.cloud_run.module.lb-http",
      "mode": "managed",
      "type": "google_compute_managed_ssl_certificate",
      "name": "default",
      "provider": "module.mlflow.provider[\"registry.terraform.io/hashicorp/google-beta\"]",
      "instances": [
        {
          "index_key": 0,
          "schema_version": 0,
          "attributes": {
            "certificate_id": 8427845961057012280,
            "creation_timestamp": "2023-04-05T19:56:23.946-07:00",
            "description": "",
            "expire_time": "",
            "id": "projects/autograb-dev/global/sslCertificates/mlflow-lb-cert",
            "managed": [
              {
                "domains": [
                  "mlflow-nonprod.autograb.com.au"
                ]
              }
            ],
            "name": "mlflow-lb-cert",
            "project": "autograb-dev",
            "self_link": "https://www.googleapis.com/compute/v1/projects/autograb-dev/global/sslCertificates/mlflow-lb-cert",
            "subject_alternative_names": [],
            "timeouts": null,
            "type": "MANAGED"
          },
          "sensitive_attributes": [],
          "private": "eyJlMmJmYjczMC1lY2FhLTExZTYtOGY4OC0zNDM2M2JjN2M0YzAiOnsiY3JlYXRlIjoxODAwMDAwMDAwMDAwLCJkZWxldGUiOjE4MDAwMDAwMDAwMDB9fQ==",
          "dependencies": [
            "module.mlflow.module.mlflow.module.cloud_run.module.lb-http.random_id.certificate"
          ],
          "create_before_destroy": true
        }
      ]
    },
    {
      "module": "module.mlflow.module.mlflow.module.cloud_run.module.lb-http",
      "mode": "managed",
      "type": "google_compute_target_http_proxy",
      "name": "default",
      "provider": "module.mlflow.provider[\"registry.terraform.io/hashicorp/google\"]",
      "instances": [
        {
          "index_key": 0,
          "schema_version": 0,
          "attributes": {
            "creation_timestamp": "2023-04-05T20:47:06.025-07:00",
            "description": "",
            "id": "projects/autograb-dev/global/targetHttpProxies/mlflow-lb-http-proxy",
            "name": "mlflow-lb-http-proxy",
            "project": "autograb-dev",
            "proxy_bind": false,
            "proxy_id": 574535119730376277,
            "self_link": "https://www.googleapis.com/compute/v1/projects/autograb-dev/global/targetHttpProxies/mlflow-lb-http-proxy",
            "timeouts": null,
            "url_map": "https://www.googleapis.com/compute/v1/projects/autograb-dev/global/urlMaps/mlflow-lb-https-redirect"
          },
          "sensitive_attributes": [],
          "private": "eyJlMmJmYjczMC1lY2FhLTExZTYtOGY4OC0zNDM2M2JjN2M0YzAiOnsiY3JlYXRlIjoxMjAwMDAwMDAwMDAwLCJkZWxldGUiOjEyMDAwMDAwMDAwMDAsInVwZGF0ZSI6MTIwMDAwMDAwMDAwMH19",
          "dependencies": [
            "module.mlflow.module.mlflow.module.artifacts.google_storage_bucket.mlflow_artifacts_bucket",
            "module.mlflow.module.mlflow.module.cloud_run.data.google_project.project",
            "module.mlflow.module.mlflow.module.cloud_run.data.google_vpc_access_connector.connector",
            "module.mlflow.module.mlflow.module.cloud_run.google_cloud_run_service.mlflow_service",
            "module.mlflow.module.mlflow.module.cloud_run.google_compute_region_network_endpoint_group.serverless_neg",
            "module.mlflow.module.mlflow.module.cloud_run.google_project_iam_member.cloud_sql",
            "module.mlflow.module.mlflow.module.cloud_run.google_project_iam_member.gcs",
            "module.mlflow.module.mlflow.module.cloud_run.google_project_iam_member.secret",
            "module.mlflow.module.mlflow.module.cloud_run.module.lb-http.google_compute_backend_service.default",
            "module.mlflow.module.mlflow.module.cloud_run.module.lb-http.google_compute_url_map.default",
            "module.mlflow.module.mlflow.module.cloud_run.module.lb-http.google_compute_url_map.https_redirect",
            "module.mlflow.module.mlflow.module.database.data.google_sql_database_instance.mlflow_db_instance",
            "module.mlflow.module.mlflow.module.db_secret.google_secret_manager_secret.secret",
            "module.mlflow.module.mlflow.module.db_secret.google_secret_manager_secret_version.secret-version",
            "module.mlflow.module.mlflow.module.db_secret.random_password.password",
            "module.mlflow.random_id.artifacts_bucket_name_suffix"
          ]
        }
      ]
    },
    {
      "module": "module.mlflow.module.mlflow.module.cloud_run.module.lb-http",
      "mode": "managed",
      "type": "google_compute_target_https_proxy",
      "name": "default",
      "provider": "module.mlflow.provider[\"registry.terraform.io/hashicorp/google\"]",
      "instances": [
        {
          "index_key": 0,
          "schema_version": 0,
          "attributes": {
            "certificate_map": "",
            "creation_timestamp": "2023-04-05T20:47:06.054-07:00",
            "description": "",
            "id": "projects/autograb-dev/global/targetHttpsProxies/mlflow-lb-https-proxy",
            "name": "mlflow-lb-https-proxy",
            "project": "autograb-dev",
            "proxy_bind": false,
            "proxy_id": 1917570478361542229,
            "quic_override": "NONE",
            "self_link": "https://www.googleapis.com/compute/v1/projects/autograb-dev/global/targetHttpsProxies/mlflow-lb-https-proxy",
            "ssl_certificates": [
              "https://www.googleapis.com/compute/v1/projects/autograb-dev/global/sslCertificates/mlflow-lb-cert"
            ],
            "ssl_policy": "",
            "timeouts": null,
            "url_map": "https://www.googleapis.com/compute/v1/projects/autograb-dev/global/urlMaps/mlflow-lb-url-map"
          },
          "sensitive_attributes": [],
          "private": "eyJlMmJmYjczMC1lY2FhLTExZTYtOGY4OC0zNDM2M2JjN2M0YzAiOnsiY3JlYXRlIjoxMjAwMDAwMDAwMDAwLCJkZWxldGUiOjEyMDAwMDAwMDAwMDAsInVwZGF0ZSI6MTIwMDAwMDAwMDAwMH19",
          "dependencies": [
            "module.mlflow.module.mlflow.module.artifacts.google_storage_bucket.mlflow_artifacts_bucket",
            "module.mlflow.module.mlflow.module.cloud_run.data.google_project.project",
            "module.mlflow.module.mlflow.module.cloud_run.data.google_vpc_access_connector.connector",
            "module.mlflow.module.mlflow.module.cloud_run.google_cloud_run_service.mlflow_service",
            "module.mlflow.module.mlflow.module.cloud_run.google_compute_region_network_endpoint_group.serverless_neg",
            "module.mlflow.module.mlflow.module.cloud_run.google_project_iam_member.cloud_sql",
            "module.mlflow.module.mlflow.module.cloud_run.google_project_iam_member.gcs",
            "module.mlflow.module.mlflow.module.cloud_run.google_project_iam_member.secret",
            "module.mlflow.module.mlflow.module.cloud_run.module.lb-http.google_compute_backend_service.default",
            "module.mlflow.module.mlflow.module.cloud_run.module.lb-http.google_compute_managed_ssl_certificate.default",
            "module.mlflow.module.mlflow.module.cloud_run.module.lb-http.google_compute_ssl_certificate.default",
            "module.mlflow.module.mlflow.module.cloud_run.module.lb-http.google_compute_url_map.default",
            "module.mlflow.module.mlflow.module.cloud_run.module.lb-http.random_id.certificate",
            "module.mlflow.module.mlflow.module.database.data.google_sql_database_instance.mlflow_db_instance",
            "module.mlflow.module.mlflow.module.db_secret.google_secret_manager_secret.secret",
            "module.mlflow.module.mlflow.module.db_secret.google_secret_manager_secret_version.secret-version",
            "module.mlflow.module.mlflow.module.db_secret.random_password.password",
            "module.mlflow.random_id.artifacts_bucket_name_suffix"
          ]
        }
      ]
    },
    {
      "module": "module.mlflow.module.mlflow.module.cloud_run.module.lb-http",
      "mode": "managed",
      "type": "google_compute_url_map",
      "name": "default",
      "provider": "module.mlflow.provider[\"registry.terraform.io/hashicorp/google\"]",
      "instances": [
        {
          "index_key": 0,
          "schema_version": 0,
          "attributes": {
            "creation_timestamp": "2023-04-05T20:46:53.628-07:00",
            "default_route_action": [],
            "default_service": "https://www.googleapis.com/compute/v1/projects/autograb-dev/global/backendServices/mlflow-lb-backend-default",
            "default_url_redirect": [],
            "description": "",
            "fingerprint": "x0IT76KvxzY=",
            "header_action": [],
            "host_rule": [],
            "id": "projects/autograb-dev/global/urlMaps/mlflow-lb-url-map",
            "map_id": 2902552430912994882,
            "name": "mlflow-lb-url-map",
            "path_matcher": [],
            "project": "autograb-dev",
            "self_link": "https://www.googleapis.com/compute/v1/projects/autograb-dev/global/urlMaps/mlflow-lb-url-map",
            "test": [],
            "timeouts": null
          },
          "sensitive_attributes": [],
          "private": "eyJlMmJmYjczMC1lY2FhLTExZTYtOGY4OC0zNDM2M2JjN2M0YzAiOnsiY3JlYXRlIjoxMjAwMDAwMDAwMDAwLCJkZWxldGUiOjEyMDAwMDAwMDAwMDAsInVwZGF0ZSI6MTIwMDAwMDAwMDAwMH19",
          "dependencies": [
            "module.mlflow.module.mlflow.module.artifacts.google_storage_bucket.mlflow_artifacts_bucket",
            "module.mlflow.module.mlflow.module.cloud_run.data.google_project.project",
            "module.mlflow.module.mlflow.module.cloud_run.data.google_vpc_access_connector.connector",
            "module.mlflow.module.mlflow.module.cloud_run.google_cloud_run_service.mlflow_service",
            "module.mlflow.module.mlflow.module.cloud_run.google_compute_region_network_endpoint_group.serverless_neg",
            "module.mlflow.module.mlflow.module.cloud_run.google_project_iam_member.cloud_sql",
            "module.mlflow.module.mlflow.module.cloud_run.google_project_iam_member.gcs",
            "module.mlflow.module.mlflow.module.cloud_run.google_project_iam_member.secret",
            "module.mlflow.module.mlflow.module.cloud_run.module.lb-http.google_compute_backend_service.default",
            "module.mlflow.module.mlflow.module.database.data.google_sql_database_instance.mlflow_db_instance",
            "module.mlflow.module.mlflow.module.db_secret.google_secret_manager_secret.secret",
            "module.mlflow.module.mlflow.module.db_secret.google_secret_manager_secret_version.secret-version",
            "module.mlflow.module.mlflow.module.db_secret.random_password.password",
            "module.mlflow.random_id.artifacts_bucket_name_suffix"
          ]
        }
      ]
    },
    {
      "module": "module.mlflow.module.mlflow.module.cloud_run.module.lb-http",
      "mode": "managed",
      "type": "google_compute_url_map",
      "name": "https_redirect",
      "provider": "module.mlflow.provider[\"registry.terraform.io/hashicorp/google\"]",
      "instances": [
        {
          "index_key": 0,
          "schema_version": 0,
          "attributes": {
            "creation_timestamp": "2023-04-05T19:56:23.666-07:00",
            "default_route_action": [],
            "default_service": "",
            "default_url_redirect": [
              {
                "host_redirect": "",
                "https_redirect": true,
                "path_redirect": "",
                "prefix_redirect": "",
                "redirect_response_code": "MOVED_PERMANENTLY_DEFAULT",
                "strip_query": false
              }
            ],
            "description": "",
            "fingerprint": "F09KfE2K5EQ=",
            "header_action": [],
            "host_rule": [],
            "id": "projects/autograb-dev/global/urlMaps/mlflow-lb-https-redirect",
            "map_id": 4365974262562130488,
            "name": "mlflow-lb-https-redirect",
            "path_matcher": [],
            "project": "autograb-dev",
            "self_link": "https://www.googleapis.com/compute/v1/projects/autograb-dev/global/urlMaps/mlflow-lb-https-redirect",
            "test": [],
            "timeouts": null
          },
          "sensitive_attributes": [],
          "private": "eyJlMmJmYjczMC1lY2FhLTExZTYtOGY4OC0zNDM2M2JjN2M0YzAiOnsiY3JlYXRlIjoxMjAwMDAwMDAwMDAwLCJkZWxldGUiOjEyMDAwMDAwMDAwMDAsInVwZGF0ZSI6MTIwMDAwMDAwMDAwMH19"
        }
      ]
    },
    {
      "module": "module.mlflow.module.mlflow.module.database",
      "mode": "data",
      "type": "google_sql_database_instance",
      "name": "mlflow_db_instance",
      "provider": "module.mlflow.provider[\"registry.terraform.io/hashicorp/google\"]",
      "instances": [
        {
          "schema_version": 0,
          "attributes": {
            "available_maintenance_versions": [],
            "clone": null,
            "connection_name": "autograb-dev:australia-southeast2:ml-db",
            "database_version": "POSTGRES_14",
            "deletion_protection": null,
            "encryption_key_name": null,
            "first_ip_address": "34.126.199.64",
            "id": "ml-db",
            "instance_type": "CLOUD_SQL_INSTANCE",
            "ip_address": [
              {
                "ip_address": "34.126.199.64",
                "time_to_retire": "",
                "type": "PRIMARY"
              },
              {
                "ip_address": "34.129.177.44",
                "time_to_retire": "",
                "type": "OUTGOING"
              },
              {
                "ip_address": "10.30.242.3",
                "time_to_retire": "",
                "type": "PRIVATE"
              }
            ],
            "maintenance_version": "POSTGRES_14_4.R20220710.01_16",
            "master_instance_name": "",
            "name": "ml-db",
            "private_ip_address": "10.30.242.3",
            "project": "autograb-dev",
            "public_ip_address": "34.126.199.64",
            "region": "australia-southeast2",
            "replica_configuration": [],
            "restore_backup_context": null,
            "root_password": null,
            "self_link": "https://sqladmin.googleapis.com/sql/v1beta4/projects/autograb-dev/instances/ml-db",
            "server_ca_cert": [
              {
                "cert": "-----BEGIN CERTIFICATE-----\nMIIDfzCCAmegAwIBAgIBADANBgkqhkiG9w0BAQsFADB3MS0wKwYDVQQuEyRlMjVj\nZjRjZS0xZTliLTRmNzAtOTZhOS1jMjYxM2FmNTRmODUxIzAhBgNVBAMTGkdvb2ds\nZSBDbG91ZCBTUUwgU2VydmVyIENBMRQwEgYDVQQKEwtHb29nbGUsIEluYzELMAkG\nA1UEBhMCVVMwHhcNMjMwMzIzMDI1ODEyWhcNMzMwMzIwMDI1OTEyWjB3MS0wKwYD\nVQQuEyRlMjVjZjRjZS0xZTliLTRmNzAtOTZhOS1jMjYxM2FmNTRmODUxIzAhBgNV\nBAMTGkdvb2dsZSBDbG91ZCBTUUwgU2VydmVyIENBMRQwEgYDVQQKEwtHb29nbGUs\nIEluYzELMAkGA1UEBhMCVVMwggEiMA0GCSqGSIb3DQEBAQUAA4IBDwAwggEKAoIB\nAQCZnzHd35N1RR2SsP7p9BuQnhCbAKeHAzsSZAKC6ZDjCk8N//rWP5VseCQhWEEI\neTe7WWfxuD8ILjLbBAc7ePqZYQ126T/eg7LYrtFpbrnJTFgtP9EQLywAAi88tbl6\nxnHCGJ4s4pwiSGxt86BxNAY3ChGUt8rfSawKj4swi8TJnaxlJPw4cPFOagu2fkOT\n/TEi2rswUBN9i8G9Af5eYjRM8UY1dbcJIr6S7W8PHIHTz15rGXipq9kxpfBvRLuI\nVfqq/mtOG3gsYZvfU+hTYek4rcXE3zT+aRQag2IsJ1NNsn4trFvwfMSROnwPhpWB\ncT37LQdpoy7uIpy4m9aWnn1fAgMBAAGjFjAUMBIGA1UdEwEB/wQIMAYBAf8CAQAw\nDQYJKoZIhvcNAQELBQADggEBAHFULnT35Bpnq/DWkJ2YlUMJz/awBQaidDcbZZWp\nZcryZI3uu2LaqZaPXYMsM8fgzIhVJjDUOyEhfzo4zyqs8TVU79V4ZtprHhP0dnjT\n2WinCQTFtGyJ2hBbXnLoQNlPfNl1zAKCkc9cv1b1GgPeLH8YmsTesfFcdH01lkLm\n6srL2uxgZRC1X7rMt/e1WesPVfDORNOS43M7ZAYIRVpO3RYoTlx9uVr47XDmUqmq\n5GMygg5DtG8RQHi0r3FL+29Mq4E8FGczTSr32eHrAS6MZff4UhOcj/xW+3Tj4AzK\nWOOA53mOnJfbsjlkMPaMOurURtdsJWYdM2izt/VmhTsX0Ug=\n-----END CERTIFICATE-----",
                "common_name": "C=US,O=Google\\, Inc,CN=Google Cloud SQL Server CA,dnQualifier=e25cf4ce-1e9b-4f70-96a9-c2613af54f85",
                "create_time": "2023-03-23T02:58:12.306Z",
                "expiration_time": "2033-03-20T02:59:12.306Z",
                "sha1_fingerprint": "81fe87f7f22c782f72eda323d78c4877ce30216b"
              }
            ],
            "service_account_email_address": "p1026007293393-4h5g0v@gcp-sa-cloud-sql.iam.gserviceaccount.com",
            "settings": [
              {
                "activation_policy": "ALWAYS",
                "active_directory_config": [],
                "availability_type": "ZONAL",
                "backup_configuration": [
                  {
                    "backup_retention_settings": [
                      {
                        "retained_backups": 7,
                        "retention_unit": "COUNT"
                      }
                    ],
                    "binary_log_enabled": false,
                    "enabled": false,
                    "location": "",
                    "point_in_time_recovery_enabled": false,
                    "start_time": "00:00",
                    "transaction_log_retention_days": 7
                  }
                ],
                "collation": "",
                "connector_enforcement": "NOT_REQUIRED",
                "database_flags": [],
                "deletion_protection_enabled": false,
                "deny_maintenance_period": [],
                "disk_autoresize": true,
                "disk_autoresize_limit": 0,
                "disk_size": 50,
                "disk_type": "PD_SSD",
                "insights_config": [],
                "ip_configuration": [
                  {
                    "allocated_ip_range": "",
                    "authorized_networks": [
                      {
                        "expiration_time": "",
                        "name": "Ghawady Home",
                        "value": "104.28.249.24"
                      },
                      {
                        "expiration_time": "",
                        "name": "Sam Home.",
                        "value": "101.186.53.53"
                      },
                      {
                        "expiration_time": "",
                        "name": "the office",
                        "value": "121.200.29.177"
                      }
                    ],
                    "enable_private_path_for_google_cloud_services": false,
                    "ipv4_enabled": true,
                    "private_network": "projects/autograb-dev/global/networks/default",
                    "require_ssl": false
                  }
                ],
                "location_preference": [
                  {
                    "follow_gae_application": "",
                    "secondary_zone": "",
                    "zone": "australia-southeast2-a"
                  }
                ],
                "maintenance_window": [
                  {
                    "day": 0,
                    "hour": 0,
                    "update_track": ""
                  }
                ],
                "password_validation_policy": [
                  {
                    "complexity": "",
                    "disallow_username_substring": true,
                    "enable_password_policy": true,
                    "min_length": 8,
                    "password_change_interval": "",
                    "reuse_interval": 0
                  }
                ],
                "pricing_plan": "PER_USE",
                "sql_server_audit_config": [],
                "tier": "db-g1-small",
                "time_zone": "",
                "user_labels": {},
                "version": 25
              }
            ]
          },
          "sensitive_attributes": []
        }
      ]
    },
    {
      "module": "module.mlflow.module.mlflow.module.database",
      "mode": "managed",
      "type": "google_sql_database",
      "name": "mlflow_db",
      "provider": "module.mlflow.provider[\"registry.terraform.io/hashicorp/google\"]",
      "instances": [
        {
          "schema_version": 0,
          "attributes": {
            "charset": "UTF8",
            "collation": "en_US.UTF8",
            "deletion_policy": "DELETE",
            "id": "projects/autograb-dev/instances/ml-db/databases/mlflow-db",
            "instance": "ml-db",
            "name": "mlflow-db",
            "project": "autograb-dev",
            "self_link": "https://sqladmin.googleapis.com/sql/v1beta4/projects/autograb-dev/instances/ml-db/databases/mlflow-db",
            "timeouts": null
          },
          "sensitive_attributes": [],
          "private": "eyJlMmJmYjczMC1lY2FhLTExZTYtOGY4OC0zNDM2M2JjN2M0YzAiOnsiY3JlYXRlIjoxMjAwMDAwMDAwMDAwLCJkZWxldGUiOjEyMDAwMDAwMDAwMDAsInVwZGF0ZSI6MTIwMDAwMDAwMDAwMH19",
          "dependencies": [
            "module.mlflow.module.mlflow.module.database.data.google_sql_database_instance.mlflow_db_instance"
          ]
        }
      ]
    },
    {
      "module": "module.mlflow.module.mlflow.module.database",
      "mode": "managed",
      "type": "google_sql_user",
      "name": "mlflow_db_user",
      "provider": "module.mlflow.provider[\"registry.terraform.io/hashicorp/google\"]",
      "instances": [
        {
          "schema_version": 1,
          "attributes": {
            "deletion_policy": null,
            "host": "",
            "id": "mlflowuser//ml-db",
            "instance": "ml-db",
            "name": "mlflowuser",
            "password": "e1qmZEF1sOOM0Sp8",
            "password_policy": [],
            "project": "autograb-dev",
            "sql_server_user_details": [],
            "timeouts": null,
            "type": ""
          },
          "sensitive_attributes": [
            [
              {
                "type": "get_attr",
                "value": "password"
              }
            ]
          ],
          "private": "eyJlMmJmYjczMC1lY2FhLTExZTYtOGY4OC0zNDM2M2JjN2M0YzAiOnsiY3JlYXRlIjo2MDAwMDAwMDAwMDAsImRlbGV0ZSI6NjAwMDAwMDAwMDAwLCJ1cGRhdGUiOjYwMDAwMDAwMDAwMH0sInNjaGVtYV92ZXJzaW9uIjoiMSJ9",
          "dependencies": [
            "module.mlflow.module.mlflow.module.database.data.google_sql_database_instance.mlflow_db_instance",
            "module.mlflow.module.mlflow.module.db_secret.google_secret_manager_secret.secret",
            "module.mlflow.module.mlflow.module.db_secret.google_secret_manager_secret_version.secret-version",
            "module.mlflow.module.mlflow.module.db_secret.random_password.password"
          ]
        }
      ]
    },
    {
      "module": "module.mlflow.module.mlflow.module.database",
      "mode": "managed",
      "type": "random_id",
      "name": "db_name_suffix",
      "provider": "provider[\"registry.terraform.io/hashicorp/random\"]",
      "instances": [
        {
          "schema_version": 0,
          "attributes": {
            "b64_std": "Ku0PvyA=",
            "b64_url": "Ku0PvyA",
            "byte_length": 5,
            "dec": "184365858592",
            "hex": "2aed0fbf20",
            "id": "Ku0PvyA",
            "keepers": null,
            "prefix": null
          },
          "sensitive_attributes": []
        }
      ]
    },
    {
      "module": "module.mlflow.module.mlflow.module.db_secret",
      "mode": "managed",
      "type": "google_secret_manager_secret",
      "name": "secret",
      "provider": "module.mlflow.provider[\"registry.terraform.io/hashicorp/google-beta\"]",
      "instances": [
        {
          "schema_version": 0,
          "attributes": {
            "create_time": "2023-04-06T05:12:28.189937Z",
            "expire_time": "",
            "id": "projects/autograb-dev/secrets/MLFLOW_DB_PASSWORD",
            "labels": null,
            "name": "projects/1026007293393/secrets/MLFLOW_DB_PASSWORD",
            "project": "autograb-dev",
            "replication": [
              {
                "automatic": true,
                "user_managed": []
              }
            ],
            "rotation": [],
            "secret_id": "MLFLOW_DB_PASSWORD",
            "timeouts": null,
            "topics": [],
            "ttl": null
          },
          "sensitive_attributes": [],
          "private": "eyJlMmJmYjczMC1lY2FhLTExZTYtOGY4OC0zNDM2M2JjN2M0YzAiOnsiY3JlYXRlIjoxMjAwMDAwMDAwMDAwLCJkZWxldGUiOjEyMDAwMDAwMDAwMDAsInVwZGF0ZSI6MTIwMDAwMDAwMDAwMH19"
        }
      ]
    },
    {
      "module": "module.mlflow.module.mlflow.module.db_secret",
      "mode": "managed",
      "type": "google_secret_manager_secret_version",
      "name": "secret-version",
      "provider": "module.mlflow.provider[\"registry.terraform.io/hashicorp/google-beta\"]",
      "instances": [
        {
          "schema_version": 0,
          "attributes": {
            "create_time": "2023-04-06T05:12:31.954567Z",
            "destroy_time": "",
            "enabled": true,
            "id": "projects/1026007293393/secrets/MLFLOW_DB_PASSWORD/versions/1",
            "name": "projects/1026007293393/secrets/MLFLOW_DB_PASSWORD/versions/1",
            "secret": "projects/autograb-dev/secrets/MLFLOW_DB_PASSWORD",
            "secret_data": "e1qmZEF1sOOM0Sp8",
            "timeouts": null,
            "version": "1"
          },
          "sensitive_attributes": [
            [
              {
                "type": "get_attr",
                "value": "secret_data"
              }
            ]
          ],
          "private": "eyJlMmJmYjczMC1lY2FhLTExZTYtOGY4OC0zNDM2M2JjN2M0YzAiOnsiY3JlYXRlIjoxMjAwMDAwMDAwMDAwLCJkZWxldGUiOjEyMDAwMDAwMDAwMDB9fQ==",
          "dependencies": [
            "module.mlflow.module.mlflow.module.db_secret.google_secret_manager_secret.secret",
            "module.mlflow.module.mlflow.module.db_secret.random_password.password"
          ]
        }
      ]
    },
    {
      "module": "module.mlflow.module.mlflow.module.db_secret",
      "mode": "managed",
      "type": "random_password",
      "name": "password",
      "provider": "provider[\"registry.terraform.io/hashicorp/random\"]",
      "instances": [
        {
          "schema_version": 3,
          "attributes": {
            "bcrypt_hash": "$2a$10$KSPy9nRId2RmnQIVb70W2u9zX/uwOU1A28rFvdwoOu67DtkszjoBK",
            "id": "none",
            "keepers": null,
            "length": 16,
            "lower": true,
            "min_lower": 0,
            "min_numeric": 0,
            "min_special": 0,
            "min_upper": 0,
            "number": true,
            "numeric": true,
            "override_special": null,
            "result": "e1qmZEF1sOOM0Sp8",
            "special": false,
            "upper": true
          },
          "sensitive_attributes": []
        }
      ]
    },
    {
      "module": "module.mlflow.module.mlflow.module.logger",
      "mode": "managed",
      "type": "google_service_account",
      "name": "logger",
      "provider": "module.mlflow.provider[\"registry.terraform.io/hashicorp/google\"]",
      "instances": [
        {
          "schema_version": 0,
          "attributes": {
            "account_id": "mlflow-logger",
            "description": "",
            "disabled": false,
            "display_name": "mlflow logger",
            "email": "mlflow-logger@autograb-dev.iam.gserviceaccount.com",
            "id": "projects/autograb-dev/serviceAccounts/mlflow-logger@autograb-dev.iam.gserviceaccount.com",
            "member": "serviceAccount:mlflow-logger@autograb-dev.iam.gserviceaccount.com",
            "name": "projects/autograb-dev/serviceAccounts/mlflow-logger@autograb-dev.iam.gserviceaccount.com",
            "project": "autograb-dev",
            "timeouts": null,
            "unique_id": "106644743853233865327"
          },
          "sensitive_attributes": [],
          "private": "eyJlMmJmYjczMC1lY2FhLTExZTYtOGY4OC0zNDM2M2JjN2M0YzAiOnsiY3JlYXRlIjozMDAwMDAwMDAwMDB9fQ=="
        }
      ]
    },
    {
      "module": "module.mlflow.module.mlflow.module.logger",
      "mode": "managed",
      "type": "google_storage_bucket_iam_member",
      "name": "logger_storage",
      "provider": "module.mlflow.provider[\"registry.terraform.io/hashicorp/google\"]",
      "instances": [
        {
          "schema_version": 0,
          "attributes": {
            "bucket": "b/mlflow-artifacts-store-fcf715510d",
            "condition": [],
            "etag": "CAI=",
            "id": "b/mlflow-artifacts-store-fcf715510d/roles/storage.objectAdmin/serviceAccount:mlflow-logger@autograb-dev.iam.gserviceaccount.com",
            "member": "serviceAccount:mlflow-logger@autograb-dev.iam.gserviceaccount.com",
            "role": "roles/storage.objectAdmin"
          },
          "sensitive_attributes": [],
          "private": "bnVsbA==",
          "dependencies": [
            "module.mlflow.module.mlflow.module.artifacts.google_storage_bucket.mlflow_artifacts_bucket",
            "module.mlflow.module.mlflow.module.logger.google_service_account.logger",
            "module.mlflow.random_id.artifacts_bucket_name_suffix"
          ]
        }
      ]
    },
    {
      "module": "module.mlflow.module.services",
      "mode": "managed",
      "type": "google_project_service",
      "name": "project",
      "provider": "module.mlflow.provider[\"registry.terraform.io/hashicorp/google\"]",
      "instances": [
        {
          "index_key": 0,
          "schema_version": 0,
          "attributes": {
            "disable_dependent_services": false,
            "disable_on_destroy": false,
            "id": "autograb-dev/cloudresourcemanager.googleapis.com",
            "project": "autograb-dev",
            "service": "cloudresourcemanager.googleapis.com",
            "timeouts": null
          },
          "sensitive_attributes": [],
          "private": "eyJlMmJmYjczMC1lY2FhLTExZTYtOGY4OC0zNDM2M2JjN2M0YzAiOnsiY3JlYXRlIjoxMjAwMDAwMDAwMDAwLCJkZWxldGUiOjEyMDAwMDAwMDAwMDAsInJlYWQiOjYwMDAwMDAwMDAwMCwidXBkYXRlIjoxMjAwMDAwMDAwMDAwfX0="
        },
        {
          "index_key": 1,
          "schema_version": 0,
          "attributes": {
            "disable_dependent_services": false,
            "disable_on_destroy": false,
            "id": "autograb-dev/container.googleapis.com",
            "project": "autograb-dev",
            "service": "container.googleapis.com",
            "timeouts": null
          },
          "sensitive_attributes": [],
          "private": "eyJlMmJmYjczMC1lY2FhLTExZTYtOGY4OC0zNDM2M2JjN2M0YzAiOnsiY3JlYXRlIjoxMjAwMDAwMDAwMDAwLCJkZWxldGUiOjEyMDAwMDAwMDAwMDAsInJlYWQiOjYwMDAwMDAwMDAwMCwidXBkYXRlIjoxMjAwMDAwMDAwMDAwfX0="
        },
        {
          "index_key": 2,
          "schema_version": 0,
          "attributes": {
            "disable_dependent_services": false,
            "disable_on_destroy": false,
            "id": "autograb-dev/servicenetworking.googleapis.com",
            "project": "autograb-dev",
            "service": "servicenetworking.googleapis.com",
            "timeouts": null
          },
          "sensitive_attributes": [],
          "private": "eyJlMmJmYjczMC1lY2FhLTExZTYtOGY4OC0zNDM2M2JjN2M0YzAiOnsiY3JlYXRlIjoxMjAwMDAwMDAwMDAwLCJkZWxldGUiOjEyMDAwMDAwMDAwMDAsInJlYWQiOjYwMDAwMDAwMDAwMCwidXBkYXRlIjoxMjAwMDAwMDAwMDAwfX0="
        },
        {
          "index_key": 3,
          "schema_version": 0,
          "attributes": {
            "disable_dependent_services": false,
            "disable_on_destroy": false,
            "id": "autograb-dev/stackdriver.googleapis.com",
            "project": "autograb-dev",
            "service": "stackdriver.googleapis.com",
            "timeouts": null
          },
          "sensitive_attributes": [],
          "private": "eyJlMmJmYjczMC1lY2FhLTExZTYtOGY4OC0zNDM2M2JjN2M0YzAiOnsiY3JlYXRlIjoxMjAwMDAwMDAwMDAwLCJkZWxldGUiOjEyMDAwMDAwMDAwMDAsInJlYWQiOjYwMDAwMDAwMDAwMCwidXBkYXRlIjoxMjAwMDAwMDAwMDAwfX0="
        },
        {
          "index_key": 4,
          "schema_version": 0,
          "attributes": {
            "disable_dependent_services": false,
            "disable_on_destroy": false,
            "id": "autograb-dev/run.googleapis.com",
            "project": "autograb-dev",
            "service": "run.googleapis.com",
            "timeouts": null
          },
          "sensitive_attributes": [],
          "private": "eyJlMmJmYjczMC1lY2FhLTExZTYtOGY4OC0zNDM2M2JjN2M0YzAiOnsiY3JlYXRlIjoxMjAwMDAwMDAwMDAwLCJkZWxldGUiOjEyMDAwMDAwMDAwMDAsInJlYWQiOjYwMDAwMDAwMDAwMCwidXBkYXRlIjoxMjAwMDAwMDAwMDAwfX0="
        },
        {
          "index_key": 5,
          "schema_version": 0,
          "attributes": {
            "disable_dependent_services": false,
            "disable_on_destroy": false,
            "id": "autograb-dev/vpcaccess.googleapis.com",
            "project": "autograb-dev",
            "service": "vpcaccess.googleapis.com",
            "timeouts": null
          },
          "sensitive_attributes": [],
          "private": "eyJlMmJmYjczMC1lY2FhLTExZTYtOGY4OC0zNDM2M2JjN2M0YzAiOnsiY3JlYXRlIjoxMjAwMDAwMDAwMDAwLCJkZWxldGUiOjEyMDAwMDAwMDAwMDAsInJlYWQiOjYwMDAwMDAwMDAwMCwidXBkYXRlIjoxMjAwMDAwMDAwMDAwfX0="
        },
        {
          "index_key": 6,
          "schema_version": 0,
          "attributes": {
            "disable_dependent_services": false,
            "disable_on_destroy": false,
            "id": "autograb-dev/sqladmin.googleapis.com",
            "project": "autograb-dev",
            "service": "sqladmin.googleapis.com",
            "timeouts": null
          },
          "sensitive_attributes": [],
          "private": "eyJlMmJmYjczMC1lY2FhLTExZTYtOGY4OC0zNDM2M2JjN2M0YzAiOnsiY3JlYXRlIjoxMjAwMDAwMDAwMDAwLCJkZWxldGUiOjEyMDAwMDAwMDAwMDAsInJlYWQiOjYwMDAwMDAwMDAwMCwidXBkYXRlIjoxMjAwMDAwMDAwMDAwfX0="
        },
        {
          "index_key": 7,
          "schema_version": 0,
          "attributes": {
            "disable_dependent_services": false,
            "disable_on_destroy": false,
            "id": "autograb-dev/secretmanager.googleapis.com",
            "project": "autograb-dev",
            "service": "secretmanager.googleapis.com",
            "timeouts": null
          },
          "sensitive_attributes": [],
          "private": "eyJlMmJmYjczMC1lY2FhLTExZTYtOGY4OC0zNDM2M2JjN2M0YzAiOnsiY3JlYXRlIjoxMjAwMDAwMDAwMDAwLCJkZWxldGUiOjEyMDAwMDAwMDAwMDAsInJlYWQiOjYwMDAwMDAwMDAwMCwidXBkYXRlIjoxMjAwMDAwMDAwMDAwfX0="
        },
        {
          "index_key": 8,
          "schema_version": 0,
          "attributes": {
            "disable_dependent_services": false,
            "disable_on_destroy": false,
            "id": "autograb-dev/iap.googleapis.com",
            "project": "autograb-dev",
            "service": "iap.googleapis.com",
            "timeouts": null
          },
          "sensitive_attributes": [],
          "private": "eyJlMmJmYjczMC1lY2FhLTExZTYtOGY4OC0zNDM2M2JjN2M0YzAiOnsiY3JlYXRlIjoxMjAwMDAwMDAwMDAwLCJkZWxldGUiOjEyMDAwMDAwMDAwMDAsInJlYWQiOjYwMDAwMDAwMDAwMCwidXBkYXRlIjoxMjAwMDAwMDAwMDAwfX0="
        },
        {
          "index_key": 9,
          "schema_version": 0,
          "attributes": {
            "disable_dependent_services": false,
            "disable_on_destroy": false,
            "id": "autograb-dev/cloudbuild.googleapis.com",
            "project": "autograb-dev",
            "service": "cloudbuild.googleapis.com",
            "timeouts": null
          },
          "sensitive_attributes": [],
          "private": "eyJlMmJmYjczMC1lY2FhLTExZTYtOGY4OC0zNDM2M2JjN2M0YzAiOnsiY3JlYXRlIjoxMjAwMDAwMDAwMDAwLCJkZWxldGUiOjEyMDAwMDAwMDAwMDAsInJlYWQiOjYwMDAwMDAwMDAwMCwidXBkYXRlIjoxMjAwMDAwMDAwMDAwfX0="
        }
      ]
    }
  ],
  "check_results": null
}
